
Microsoft Visual Studio Solution File, Format Version 12.00
# Visual Studio Version 17
VisualStudioVersion = 17.14.37012.4 d17.14
MinimumVisualStudioVersion = 10.0.40219.1
Project("{FAE04EC0-301F-11D3-BF4B-00C04F79EFBC}") = "arbolbb", "arbolbb.csproj", "{5E85F267-7DE4-4985-8F18-613E1D420CDB}"
EndProject
Global
	GlobalSection(SolutionConfigurationPlatforms) = preSolution
		Debug|Any CPU = Debug|Any CPU
		Release|Any CPU = Release|Any CPU
	EndGlobalSection
	GlobalSection(ProjectConfigurationPlatforms) = postSolution
		{5E85F267-7DE4-4985-8F18-613E1D420CDB}.Debug|Any CPU.ActiveCfg = Debug|Any CPU
		{5E85F267-7DE4-4985-8F18-613E1D420CDB}.Debug|Any CPU.Build.0 = Debug|Any CPU
		{5E85F267-7DE4-4985-8F18-613E1D420CDB}.Release|Any CPU.ActiveCfg = Release|Any CPU
		{5E85F267-7DE4-4985-8F18-613E1D420CDB}.Release|Any CPU.Build.0 = Release|Any CPU
	EndGlobalSection
	GlobalSection(SolutionProperties) = preSolution
		HideSolutionNode = FALSE
	EndGlobalSection
	GlobalSection(ExtensibilityGlobals) = postSolution
		SolutionGuid = {A9AF8A61-BB7D-439B-842C-8FD82AF885A1}
	EndGlobalSection
EndGlobal
